{
  "name": "cryptocurrency-app",
  "version": "0.1.0",
  "lockfileVersion": 1,
  "requires": true,
  "dependencies": {
    "react-native-svg-uri": {
      "version": "1.2.3",
      "resolved": "https://registry.npmjs.org/react-native-svg-uri/-/react-native-svg-uri-1.2.3.tgz",
      "integrity": "sha1-L2fzBWQGig/uaKdRhFMypRhaGqs=",
      "requires": {
        "xmldom": "0.1.27"
      }
    },
    "xmldom": {
      "version": "0.1.27",
      "resolved": "https://registry.npmjs.org/xmldom/-/xmldom-0.1.27.tgz",
      "integrity": "sha1-1QH5ezvbQDr4757MIFcxh6rawOk="
    }
  }
}
